
Microsoft Visual Studio Solution File, Format Version 12.00
# Visual Studio 15
Project("{8BC9CEB8-8B4A-11D0-8D11-00A0C91BC942}") = "Bunch", "Bunch\Bunch.vcxproj", "{D55AEB0C-416F-13BE-0AF1-B61D76C40FEF}"
EndProject
Project("{8BC9CEB8-8B4A-11D0-8D11-00A0C91BC942}") = "Sandbox", "Sandbox\Sandbox.vcxproj", "{F4C124E3-60A1-A37E-69B9-2E55D5170AE0}"
EndProject
Global
	GlobalSection(SolutionConfigurationPlatforms) = preSolution
		Debug|Windows = Debug|Windows
		Release|Windows = Release|Windows
	EndGlobalSection
	GlobalSection(ProjectConfigurationPlatforms) = postSolution
		{D55AEB0C-416F-13BE-0AF1-B61D76C40FEF}.Debug|Windows.ActiveCfg = Debug Windows|Win32
		{D55AEB0C-416F-13BE-0AF1-B61D76C40FEF}.Debug|Windows.Build.0 = Debug Windows|Win32
		{D55AEB0C-416F-13BE-0AF1-B61D76C40FEF}.Release|Windows.ActiveCfg = Release Windows|Win32
		{D55AEB0C-416F-13BE-0AF1-B61D76C40FEF}.Release|Windows.Build.0 = Release Windows|Win32
		{F4C124E3-60A1-A37E-69B9-2E55D5170AE0}.Debug|Windows.ActiveCfg = Debug Windows|Win32
		{F4C124E3-60A1-A37E-69B9-2E55D5170AE0}.Debug|Windows.Build.0 = Debug Windows|Win32
		{F4C124E3-60A1-A37E-69B9-2E55D5170AE0}.Release|Windows.ActiveCfg = Release Windows|Win32
		{F4C124E3-60A1-A37E-69B9-2E55D5170AE0}.Release|Windows.Build.0 = Release Windows|Win32
	EndGlobalSection
	GlobalSection(SolutionProperties) = preSolution
		HideSolutionNode = FALSE
	EndGlobalSection
EndGlobal
